<Solution>
  <Project Path="Abstracciones/Abstracciones.csproj" />
  <Project Path="API/API.csproj" Id="972623d4-c944-4cb9-832b-92397e032702" />
  <Project Path="BD/BD.sqlproj" Id="31aabdbe-c4a8-4a47-8e82-4ff3104da523">
    <Build />
    <Deploy />
  </Project>
  <Project Path="DA/DA.csproj" Id="bb537f64-be66-4d03-8010-50ea5dd1a996" />
  <Project Path="Flujo/Flujo.csproj" Id="c09b4159-5864-40a1-a85e-fdd0bda99711" />
</Solution>
